
Microsoft Visual Studio Solution File, Format Version 12.00
# Visual Studio 2013
VisualStudioVersion = 12.0.31101.0
MinimumVisualStudioVersion = 10.0.40219.1
Project("{FAE04EC0-301F-11D3-BF4B-00C04F79EFBC}") = "mu10.ODataBackend", "ODataBackend/mu10.ODataBackend.csproj", "{6AE43598-7921-40AF-AC86-DA15AA341AE5}"
EndProject
Project("{FAE04EC0-301F-11D3-BF4B-00C04F79EFBC}") = "mu10.Objects", "Objects/mu10.Objects.csproj", "{E92DC8BE-4151-4893-908E-4F6EEA7610F5}"
EndProject
Global
	GlobalSection(SolutionConfigurationPlatforms) = preSolution
Debug|Any CPU = Debug|Any CPU
Release|Any CPU = Release|Any CPU
	EndGlobalSection
	GlobalSection(ProjectConfigurationPlatforms) = postSolution
		{6AE43598-7921-40AF-AC86-DA15AA341AE5}.Debug|Any CPU.ActiveCfg = Debug|Any CPU
		{6AE43598-7921-40AF-AC86-DA15AA341AE5}.Debug|Any CPU.Build.0 = Debug|Any CPU
		{6AE43598-7921-40AF-AC86-DA15AA341AE5}.Release|Any CPU.ActiveCfg = Release|Any CPU
		{6AE43598-7921-40AF-AC86-DA15AA341AE5}.Release|Any CPU.Build.0 = Release|Any CPU
		{E92DC8BE-4151-4893-908E-4F6EEA7610F5}.Debug|Any CPU.ActiveCfg = Debug|Any CPU
		{E92DC8BE-4151-4893-908E-4F6EEA7610F5}.Debug|Any CPU.Build.0 = Debug|Any CPU
		{E92DC8BE-4151-4893-908E-4F6EEA7610F5}.Release|Any CPU.ActiveCfg = Release|Any CPU
		{E92DC8BE-4151-4893-908E-4F6EEA7610F5}.Release|Any CPU.Build.0 = Release|Any CPU
	EndGlobalSection
	GlobalSection(SolutionProperties) = preSolution
		HideSolutionNode = FALSE
	EndGlobalSection
EndGlobal
